
Microsoft Visual Studio Solution File, Format Version 12.00
# Visual Studio Version 17
VisualStudioVersion = 17.9.34616.47
MinimumVisualStudioVersion = 10.0.40219.1
Project("{8BC9CEB8-8B4A-11D0-8D11-00A0C91BC942}") = "fungsi switch", "fungsi switch\fungsi switch.vcxproj", "{604A825F-9FD2-410F-BA71-CBB3A784889A}"
EndProject
Project("{8BC9CEB8-8B4A-11D0-8D11-00A0C91BC942}") = "fungsi switch part 2", "fungsi switch part 2\fungsi switch part 2.vcxproj", "{CC8D675C-FADE-49E3-B430-1FEECECD1889}"
EndProject
Global
	GlobalSection(SolutionConfigurationPlatforms) = preSolution
		Debug|x64 = Debug|x64
		Debug|x86 = Debug|x86
		Release|x64 = Release|x64
		Release|x86 = Release|x86
	EndGlobalSection
	GlobalSection(ProjectConfigurationPlatforms) = postSolution
		{604A825F-9FD2-410F-BA71-CBB3A784889A}.Debug|x64.ActiveCfg = Debug|x64
		{604A825F-9FD2-410F-BA71-CBB3A784889A}.Debug|x64.Build.0 = Debug|x64
		{604A825F-9FD2-410F-BA71-CBB3A784889A}.Debug|x86.ActiveCfg = Debug|Win32
		{604A825F-9FD2-410F-BA71-CBB3A784889A}.Debug|x86.Build.0 = Debug|Win32
		{604A825F-9FD2-410F-BA71-CBB3A784889A}.Release|x64.ActiveCfg = Release|x64
		{604A825F-9FD2-410F-BA71-CBB3A784889A}.Release|x64.Build.0 = Release|x64
		{604A825F-9FD2-410F-BA71-CBB3A784889A}.Release|x86.ActiveCfg = Release|Win32
		{604A825F-9FD2-410F-BA71-CBB3A784889A}.Release|x86.Build.0 = Release|Win32
		{CC8D675C-FADE-49E3-B430-1FEECECD1889}.Debug|x64.ActiveCfg = Debug|x64
		{CC8D675C-FADE-49E3-B430-1FEECECD1889}.Debug|x64.Build.0 = Debug|x64
		{CC8D675C-FADE-49E3-B430-1FEECECD1889}.Debug|x86.ActiveCfg = Debug|Win32
		{CC8D675C-FADE-49E3-B430-1FEECECD1889}.Debug|x86.Build.0 = Debug|Win32
		{CC8D675C-FADE-49E3-B430-1FEECECD1889}.Release|x64.ActiveCfg = Release|x64
		{CC8D675C-FADE-49E3-B430-1FEECECD1889}.Release|x64.Build.0 = Release|x64
		{CC8D675C-FADE-49E3-B430-1FEECECD1889}.Release|x86.ActiveCfg = Release|Win32
		{CC8D675C-FADE-49E3-B430-1FEECECD1889}.Release|x86.Build.0 = Release|Win32
	EndGlobalSection
	GlobalSection(SolutionProperties) = preSolution
		HideSolutionNode = FALSE
	EndGlobalSection
	GlobalSection(ExtensibilityGlobals) = postSolution
		SolutionGuid = {D7F1DBBF-B32F-4EBC-8FFD-C4022440A8BA}
	EndGlobalSection
EndGlobal
